{
  "name": "minecraft-bot-dashboard",
  "version": "1.0.0",
  "lockfileVersion": 3,
  "requires": true,
  "packages": {
    "": {
      "name": "minecraft-bot-dashboard",
      "version": "1.0.0",
      "dependencies": {
        "dotenv": "^16.4.7",
        "express": "^4.21.2",
        "mineflayer": "^4.27.0",
        "prismarine-viewer": "^1.29.0",
        "ws": "^8.18.0"
      },
      "devDependencies": {
        "nodemon": "^3.1.9"
      },
      "engines": {
        "node": ">=20"
      }
    }
  }
}
